
Microsoft Visual Studio Solution File, Format Version 12.00
# Visual Studio Version 17
VisualStudioVersion = 17.4.33205.214
MinimumVisualStudioVersion = 10.0.40219.1
Project("{9A19103F-16F7-4668-BE54-9A1E7A4F7556}") = "BlazorApp1.Server", "Server\BlazorApp1.Server.csproj", "{E4163E21-053F-4923-AAFD-F5603BE33CBC}"
EndProject
Project("{9A19103F-16F7-4668-BE54-9A1E7A4F7556}") = "BlazorApp1.Client", "Client\BlazorApp1.Client.csproj", "{5764CE10-F7C1-43BF-A0B3-8E8F3474755B}"
EndProject
Project("{9A19103F-16F7-4668-BE54-9A1E7A4F7556}") = "BlazorApp1.Shared", "Shared\BlazorApp1.Shared.csproj", "{2E3B6C38-34BD-4B45-8785-BD56FF2755C9}"
EndProject
Global
	GlobalSection(SolutionConfigurationPlatforms) = preSolution
		Debug|Any CPU = Debug|Any CPU
		Release|Any CPU = Release|Any CPU
	EndGlobalSection
	GlobalSection(ProjectConfigurationPlatforms) = postSolution
		{E4163E21-053F-4923-AAFD-F5603BE33CBC}.Debug|Any CPU.ActiveCfg = Debug|Any CPU
		{E4163E21-053F-4923-AAFD-F5603BE33CBC}.Debug|Any CPU.Build.0 = Debug|Any CPU
		{E4163E21-053F-4923-AAFD-F5603BE33CBC}.Release|Any CPU.ActiveCfg = Release|Any CPU
		{E4163E21-053F-4923-AAFD-F5603BE33CBC}.Release|Any CPU.Build.0 = Release|Any CPU
		{5764CE10-F7C1-43BF-A0B3-8E8F3474755B}.Debug|Any CPU.ActiveCfg = Debug|Any CPU
		{5764CE10-F7C1-43BF-A0B3-8E8F3474755B}.Debug|Any CPU.Build.0 = Debug|Any CPU
		{5764CE10-F7C1-43BF-A0B3-8E8F3474755B}.Release|Any CPU.ActiveCfg = Release|Any CPU
		{5764CE10-F7C1-43BF-A0B3-8E8F3474755B}.Release|Any CPU.Build.0 = Release|Any CPU
		{2E3B6C38-34BD-4B45-8785-BD56FF2755C9}.Debug|Any CPU.ActiveCfg = Debug|Any CPU
		{2E3B6C38-34BD-4B45-8785-BD56FF2755C9}.Debug|Any CPU.Build.0 = Debug|Any CPU
		{2E3B6C38-34BD-4B45-8785-BD56FF2755C9}.Release|Any CPU.ActiveCfg = Release|Any CPU
		{2E3B6C38-34BD-4B45-8785-BD56FF2755C9}.Release|Any CPU.Build.0 = Release|Any CPU
	EndGlobalSection
	GlobalSection(SolutionProperties) = preSolution
		HideSolutionNode = FALSE
	EndGlobalSection
	GlobalSection(ExtensibilityGlobals) = postSolution
		SolutionGuid = {2C9F770A-49F4-439A-BA35-828C092499F0}
	EndGlobalSection
EndGlobal
